
Microsoft Visual Studio Solution File, Format Version 12.00
# Visual Studio Version 17
VisualStudioVersion = 17.4.33213.308
MinimumVisualStudioVersion = 10.0.40219.1
Project("{FAE04EC0-301F-11D3-BF4B-00C04F79EFBC}") = "Kursy", "Kursy\Kursy.csproj", "{A8E601B9-CEDD-4FAD-895E-DE193D482342}"
EndProject
Global
	GlobalSection(SolutionConfigurationPlatforms) = preSolution
		Debug|Any CPU = Debug|Any CPU
		Release|Any CPU = Release|Any CPU
	EndGlobalSection
	GlobalSection(ProjectConfigurationPlatforms) = postSolution
		{A8E601B9-CEDD-4FAD-895E-DE193D482342}.Debug|Any CPU.ActiveCfg = Debug|Any CPU
		{A8E601B9-CEDD-4FAD-895E-DE193D482342}.Debug|Any CPU.Build.0 = Debug|Any CPU
		{A8E601B9-CEDD-4FAD-895E-DE193D482342}.Release|Any CPU.ActiveCfg = Release|Any CPU
		{A8E601B9-CEDD-4FAD-895E-DE193D482342}.Release|Any CPU.Build.0 = Release|Any CPU
	EndGlobalSection
	GlobalSection(SolutionProperties) = preSolution
		HideSolutionNode = FALSE
	EndGlobalSection
	GlobalSection(ExtensibilityGlobals) = postSolution
		SolutionGuid = {464718ED-9F3F-4638-AAA5-FD56235B266B}
	EndGlobalSection
EndGlobal
